
Microsoft Visual Studio Solution File, Format Version 12.00
# Visual Studio Version 17
VisualStudioVersion = 17.8.34330.188
MinimumVisualStudioVersion = 10.0.40219.1
Project("{FAE04EC0-301F-11D3-BF4B-00C04F79EFBC}") = "Decimo primeiro Projeto", "Decimo primeiro Projeto.csproj", "{59326A93-5964-472A-8937-232578493BF1}"
EndProject
Project("{FAE04EC0-301F-11D3-BF4B-00C04F79EFBC}") = "Cadastro Biblioteca", "..\Cadastro Biblioteca\Cadastro Biblioteca.csproj", "{5F127723-B9BE-4AC1-BF31-812AD99DFFD5}"
EndProject
Global
	GlobalSection(SolutionConfigurationPlatforms) = preSolution
		Debug|Any CPU = Debug|Any CPU
		Release|Any CPU = Release|Any CPU
	EndGlobalSection
	GlobalSection(ProjectConfigurationPlatforms) = postSolution
		{59326A93-5964-472A-8937-232578493BF1}.Debug|Any CPU.ActiveCfg = Debug|Any CPU
		{59326A93-5964-472A-8937-232578493BF1}.Debug|Any CPU.Build.0 = Debug|Any CPU
		{59326A93-5964-472A-8937-232578493BF1}.Release|Any CPU.ActiveCfg = Release|Any CPU
		{59326A93-5964-472A-8937-232578493BF1}.Release|Any CPU.Build.0 = Release|Any CPU
		{5F127723-B9BE-4AC1-BF31-812AD99DFFD5}.Debug|Any CPU.ActiveCfg = Debug|Any CPU
		{5F127723-B9BE-4AC1-BF31-812AD99DFFD5}.Debug|Any CPU.Build.0 = Debug|Any CPU
		{5F127723-B9BE-4AC1-BF31-812AD99DFFD5}.Release|Any CPU.ActiveCfg = Release|Any CPU
		{5F127723-B9BE-4AC1-BF31-812AD99DFFD5}.Release|Any CPU.Build.0 = Release|Any CPU
	EndGlobalSection
	GlobalSection(SolutionProperties) = preSolution
		HideSolutionNode = FALSE
	EndGlobalSection
	GlobalSection(ExtensibilityGlobals) = postSolution
		SolutionGuid = {F1BE62AD-2902-4C07-BEED-A64B7F2254C6}
	EndGlobalSection
EndGlobal
